// !$*UTF8*$!
{
	archiveVersion = 1;
	classes = {
	};
	objectVersion = 46;
	objects = {

/* Begin PBXBuildFile section */
		DCAE620F1D0E44B4002ACC3A /* main.m in Sources */ = {isa = PBXBuildFile; fileRef = DCAE620E1D0E44B4002ACC3A /* main.m */; };
		DCAE62121D0E44B4002ACC3A /* AppDelegate.m in Sources */ = {isa = PBXBuildFile; fileRef = DCAE62111D0E44B4002ACC3A /* AppDelegate.m */; };
		DCAE62151D0E44B4002ACC3A /* ViewController.m in Sources */ = {isa = PBXBuildFile; fileRef = DCAE62141D0E44B4002ACC3A /* ViewController.m */; };
		DCAE62181D0E44B4002ACC3A /* Main.storyboard in Resources */ = {isa = PBXBuildFile; fileRef = DCAE62161D0E44B4002ACC3A /* Main.storyboard */; };
		DCAE621A1D0E44B4002ACC3A /* Assets.xcassets in Resources */ = {isa = PBXBuildFile; fileRef = DCAE62191D0E44B4002ACC3A /* Assets.xcassets */; };
		DCAE621D1D0E44B4002ACC3A /* LaunchScreen.storyboard in Resources */ = {isa = PBXBuildFile; fileRef = DCAE621B1D0E44B4002ACC3A /* LaunchScreen.storyboard */; };
/* End PBXBuildFile section */

/* Begin PBXFileReference section */
		DCAE620A1D0E44B4002ACC3A /* Preject222.app */ = {isa = PBXFileReference; explicitFileType = wrapper.application; includeInIndex = 0; path = Preject222.app; sourceTree = BUILT_PRODUCTS_DIR; };
		DCAE620E1D0E44B4002ACC3A /* main.m */ = {isa = PBXFileReference; lastKnownFileType = sourcecode.c.objc; path = main.m; sourceTree = "<group>"; };
		DCAE62101D0E44B4002ACC3A /* AppDelegate.h */ = {isa = PBXFileReference; lastKnownFileType = sourcecode.c.h; path = AppDelegate.h; sourceTree = "<group>"; };
		DCAE62111D0E44B4002ACC3A /* AppDelegate.m */ = {isa = PBXFileReference; lastKnownFileType = sourcecode.c.objc; path = AppDelegate.m; sourceTree = "<group>"; };
		DCAE62131D0E44B4002ACC3A /* ViewController.h */ = {isa = PBXFileReference; lastKnownFileType = sourcecode.c.h; path = ViewController.h; sourceTree = "<group>"; };
		DCAE62141D0E44B4002ACC3A /* ViewController.m */ = {isa = PBXFileReference; lastKnownFileType = sourcecode.c.objc; path = ViewController.m; sourceTree = "<group>"; };
		DCAE62171D0E44B4002ACC3A /* Base */ = {isa = PBXFileReference; lastKnownFileType = file.storyboard; name = Base; path = Base.lproj/Main.storyboard; sourceTree = "<group>"; };
		DCAE62191D0E44B4002ACC3A /* Assets.xcassets */ = {isa = PBXFileReference; lastKnownFileType = folder.assetcatalog; path = Assets.xcassets; sourceTree = "<group>"; };
		DCAE621C1D0E44B4002ACC3A /* Base */ = {isa = PBXFileReference; lastKnownFileType = file.storyboard; name = Base; path = Base.lproj/LaunchScreen.storyboard; sourceTree = "<group>"; };
		DCAE621E1D0E44B4002ACC3A /* Info.plist */ = {isa = PBXFileReference; lastKnownFileType = text.plist.xml; path = Info.plist; sourceTree = "<group>"; };
/* End PBXFileReference section */

/* Begin PBXFrameworksBuildPhase section */
		DCAE62071D0E44B4002ACC3A /* Frameworks */ = {
			isa = PBXFrameworksBuildPhase;
			buildActionMask = 2147483647;
			files = (
			);
			runOnlyForDeploymentPostprocessing = 0;
		};
/* End PBXFrameworksBuildPhase section */

/* Begin PBXGroup section */
		DCAE62011D0E44B4002ACC3A = {
			isa = PBXGroup;
			children = (
				DCAE620C1D0E44B4002ACC3A /* Preject222 */,
				DCAE620B1D0E44B4002ACC3A /* Products */,
			);
			sourceTree = "<group>";
		};
		DCAE620B1D0E44B4002ACC3A /* Products */ = {
			isa = PBXGroup;
			children = (
				DCAE620A1D0E44B4002ACC3A /* Preject222.app */,
			);
			name = Products;
			sourceTree = "<group>";
		};
		DCAE620C1D0E44B4002ACC3A /* Preject222 */ = {
			isa = PBXGroup;
			children = (
				DCAE62101D0E44B4002ACC3A /* AppDelegate.h */,
				DCAE62111D0E44B4002ACC3A /* AppDelegate.m */,
				DCAE62131D0E44B4002ACC3A /* ViewController.h */,
				DCAE62141D0E44B4002ACC3A /* ViewController.m */,
				DCAE62161D0E44B4002ACC3A /* Main.storyboard */,
				DCAE62191D0E44B4002ACC3A /* Assets.xcassets */,
				DCAE621B1D0E44B4002ACC3A /* LaunchScreen.storyboard */,
				DCAE621E1D0E44B4002ACC3A /* Info.plist */,
				DCAE620D1D0E44B4002ACC3A /* Supporting Files */,
			);
			path = Preject222;
			sourceTree = "<group>";
		};
		DCAE620D1D0E44B4002ACC3A /* Supporting Files */ = {
			isa = PBXGroup;
			children = (
				DCAE620E1D0E44B4002ACC3A /* main.m */,
			);
			name = "Supporting Files";
			sourceTree = "<group>";
		};
/* End PBXGroup section */

/* Begin PBXNativeTarget section */
		DCAE62091D0E44B4002ACC3A /* Preject222 */ = {
			isa = PBXNativeTarget;
			buildConfigurationList = DCAE62211D0E44B4002ACC3A /* Build configuration list for PBXNativeTarget "Preject222" */;
			buildPhases = (
				DCAE62061D0E44B4002ACC3A /* Sources */,
				DCAE62071D0E44B4002ACC3A /* Frameworks */,
				DCAE62081D0E44B4002ACC3A /* Resources */,
			);
			buildRules = (
			);
			dependencies = (
			);
			name = Preject222;
			productName = Preject222;
			productReference = DCAE620A1D0E44B4002ACC3A /* Preject222.app */;
			productType = "com.apple.product-type.application";
		};
/* End PBXNativeTarget section */

/* Begin PBXProject section */
		DCAE62021D0E44B4002ACC3A /* Project object */ = {
			isa = PBXProject;
			attributes = {
				LastUpgradeCheck = 0730;
				ORGANIZATIONNAME = LY;
				TargetAttributes = {
					DCAE62091D0E44B4002ACC3A = {
						CreatedOnToolsVersion = 7.3.1;
					};
				};
			};
			buildConfigurationList = DCAE62051D0E44B4002ACC3A /* Build configuration list for PBXProject "Preject222" */;
			compatibilityVersion = "Xcode 3.2";
			developmentRegion = English;
			hasScannedForEncodings = 0;
			knownRegions = (
				en,
				Base,
			);
			mainGroup = DCAE62011D0E44B4002ACC3A;
			productRefGroup = DCAE620B1D0E44B4002ACC3A /* Products */;
			projectDirPath = "";
			projectRoot = "";
			targets = (
				DCAE62091D0E44B4002ACC3A /* Preject222 */,
			);
		};
/* End PBXProject section */

/* Begin PBXResourcesBuildPhase section */
		DCAE62081D0E44B4002ACC3A /* Resources */ = {
			isa = PBXResourcesBuildPhase;
			buildActionMask = 2147483647;
			files = (
				DCAE621D1D0E44B4002ACC3A /* LaunchScreen.storyboard in Resources */,
				DCAE621A1D0E44B4002ACC3A /* Assets.xcassets in Resources */,
				DCAE62181D0E44B4002ACC3A /* Main.storyboard in Resources */,
			);
			runOnlyForDeploymentPostprocessing = 0;
		};
/* End PBXResourcesBuildPhase section */

/* Begin PBXSourcesBuildPhase section */
		DCAE62061D0E44B4002ACC3A /* Sources */ = {
			isa = PBXSourcesBuildPhase;
			buildActionMask = 2147483647;
			files = (
				DCAE62151D0E44B4002ACC3A /* ViewController.m in Sources */,
				DCAE62121D0E44B4002ACC3A /* AppDelegate.m in Sources */,
				DCAE620F1D0E44B4002ACC3A /* main.m in Sources */,
			);
			runOnlyForDeploymentPostprocessing = 0;
		};
/* End PBXSourcesBuildPhase section */

/* Begin PBXVariantGroup section */
		DCAE62161D0E44B4002ACC3A /* Main.storyboard */ = {
			isa = PBXVariantGroup;
			children = (
				DCAE62171D0E44B4002ACC3A /* Base */,
			);
			name = Main.storyboard;
			sourceTree = "<group>";
		};
		DCAE621B1D0E44B4002ACC3A /* LaunchScreen.storyboard */ = {
			isa = PBXVariantGroup;
			children = (
				DCAE621C1D0E44B4002ACC3A /* Base */,
			);
			name = LaunchScreen.storyboard;
			sourceTree = "<group>";
		};
/* End PBXVariantGroup section */

/* Begin XCBuildConfiguration section */
		DCAE621F1D0E44B4002ACC3A /* Debug */ = {
			isa = XCBuildConfiguration;
			buildSettings = {
				ALWAYS_SEARCH_USER_PATHS = NO;
				CLANG_ANALYZER_NONNULL = YES;
				CLANG_CXX_LANGUAGE_STANDARD = "gnu++0x";
				CLANG_CXX_LIBRARY = "libc++";
				CLANG_ENABLE_MODULES = YES;
				CLANG_ENABLE_OBJC_ARC = YES;
				CLANG_WARN_BOOL_CONVERSION = YES;
				CLANG_WARN_CONSTANT_CONVERSION = YES;
				CLANG_WARN_DIRECT_OBJC_ISA_USAGE = YES_ERROR;
				CLANG_WARN_EMPTY_BODY = YES;
				CLANG_WARN_ENUM_CONVERSION = YES;
				CLANG_WARN_INT_CONVERSION = YES;
				CLANG_WARN_OBJC_ROOT_CLASS = YES_ERROR;
				CLANG_WARN_UNREACHABLE_CODE = YES;
				CLANG_WARN__DUPLICATE_METHOD_MATCH = YES;
				"CODE_SIGN_IDENTITY[sdk=iphoneos*]" = "iPhone Developer";
				COPY_PHASE_STRIP = NO;
				DEBUG_INFORMATION_FORMAT = dwarf;
				ENABLE_STRICT_OBJC_MSGSEND = YES;
				ENABLE_TESTABILITY = YES;
				GCC_C_LANGUAGE_STANDARD = gnu99;
				GCC_DYNAMIC_NO_PIC = NO;
				GCC_NO_COMMON_BLOCKS = YES;
				GCC_OPTIMIZATION_LEVEL = 0;
				GCC_PREPROCESSOR_DEFINITIONS = (
					"DEBUG=1",
					"$(inherited)",
				);
				GCC_WARN_64_TO_32_BIT_CONVERSION = YES;
				GCC_WARN_ABOUT_RETURN_TYPE = YES_ERROR;
				GCC_WARN_UNDECLARED_SELECTOR = YES;
				GCC_WARN_UNINITIALIZED_AUTOS = YES_AGGRESSIVE;
				GCC_WARN_UNUSED_FUNCTION = YES;
				GCC_WARN_UNUSED_VARIABLE = YES;
				IPHONEOS_DEPLOYMENT_TARGET = 9.3;
				MTL_ENABLE_DEBUG_INFO = YES;
				ONLY_ACTIVE_ARCH = YES;
				SDKROOT = iphoneos;
			};
			name = Debug;
		};
		DCAE62201D0E44B4002ACC3A /* Release */ = {
			isa = XCBuildConfiguration;
			buildSettings = {
				ALWAYS_SEARCH_USER_PATHS = NO;
				CLANG_ANALYZER_NONNULL = YES;
				CLANG_CXX_LANGUAGE_STANDARD = "gnu++0x";
				CLANG_CXX_LIBRARY = "libc++";
				CLANG_ENABLE_MODULES = YES;
				CLANG_ENABLE_OBJC_ARC = YES;
				CLANG_WARN_BOOL_CONVERSION = YES;
				CLANG_WARN_CONSTANT_CONVERSION = YES;
				CLANG_WARN_DIRECT_OBJC_ISA_USAGE = YES_ERROR;
				CLANG_WARN_EMPTY_BODY = YES;
				CLANG_WARN_ENUM_CONVERSION = YES;
				CLANG_WARN_INT_CONVERSION = YES;
				CLANG_WARN_OBJC_ROOT_CLASS = YES_ERROR;
				CLANG_WARN_UNREACHABLE_CODE = YES;
				CLANG_WARN__DUPLICATE_METHOD_MATCH = YES;
				"CODE_SIGN_IDENTITY[sdk=iphoneos*]" = "iPhone Developer";
				COPY_PHASE_STRIP = NO;
				DEBUG_INFORMATION_FORMAT = "dwarf-with-dsym";
				ENABLE_NS_ASSERTIONS = NO;
				ENABLE_STRICT_OBJC_MSGSEND = YES;
				GCC_C_LANGUAGE_STANDARD = gnu99;
				GCC_NO_COMMON_BLOCKS = YES;
				GCC_WARN_64_TO_32_BIT_CONVERSION = YES;
				GCC_WARN_ABOUT_RETURN_TYPE = YES_ERROR;
				GCC_WARN_UNDECLARED_SELECTOR = YES;
				GCC_WARN_UNINITIALIZED_AUTOS = YES_AGGRESSIVE;
				GCC_WARN_UNUSED_FUNCTION = YES;
				GCC_WARN_UNUSED_VARIABLE = YES;
				IPHONEOS_DEPLOYMENT_TARGET = 9.3;
				MTL_ENABLE_DEBUG_INFO = NO;
				SDKROOT = iphoneos;
				VALIDATE_PRODUCT = YES;
			};
			name = Release;
		};
		DCAE62221D0E44B4002ACC3A /* Debug */ = {
			isa = XCBuildConfiguration;
			buildSettings = {
				ASSETCATALOG_COMPILER_APPICON_NAME = AppIcon;
				INFOPLIST_FILE = Preject222/Info.plist;
				LD_RUNPATH_SEARCH_PATHS = "$(inherited) @executable_path/Frameworks";
				PRODUCT_BUNDLE_IDENTIFIER = LY.Preject222;
				PRODUCT_NAME = "$(TARGET_NAME)";
			};
			name = Debug;
		};
		DCAE62231D0E44B4002ACC3A /* Release */ = {
			isa = XCBuildConfiguration;
			buildSettings = {
				ASSETCATALOG_COMPILER_APPICON_NAME = AppIcon;
				INFOPLIST_FILE = Preject222/Info.plist;
				LD_RUNPATH_SEARCH_PATHS = "$(inherited) @executable_path/Frameworks";
				PRODUCT_BUNDLE_IDENTIFIER = LY.Preject222;
				PRODUCT_NAME = "$(TARGET_NAME)";
			};
			name = Release;
		};
/* End XCBuildConfiguration section */

/* Begin XCConfigurationList section */
		DCAE62051D0E44B4002ACC3A /* Build configuration list for PBXProject "Preject222" */ = {
			isa = XCConfigurationList;
			buildConfigurations = (
				DCAE621F1D0E44B4002ACC3A /* Debug */,
				DCAE62201D0E44B4002ACC3A /* Release */,
			);
			defaultConfigurationIsVisible = 0;
			defaultConfigurationName = Release;
		};
		DCAE62211D0E44B4002ACC3A /* Build configuration list for PBXNativeTarget "Preject222" */ = {
			isa = XCConfigurationList;
			buildConfigurations = (
				DCAE62221D0E44B4002ACC3A /* Debug */,
				DCAE62231D0E44B4002ACC3A /* Release */,
			);
			defaultConfigurationIsVisible = 0;
		};
/* End XCConfigurationList section */
	};
	rootObject = DCAE62021D0E44B4002ACC3A /* Project object */;
}
